// !$*UTF8*$!
{
	archiveVersion = 1;
	classes = {
	};
	objectVersion = 48;
	objects = {

/* Begin PBXBuildFile section */
		781EC8971FB2F04F000C68FC /* MyURLProtocol.swift in Sources */ = {isa = PBXBuildFile; fileRef = 781EC8961FB2F04F000C68FC /* MyURLProtocol.swift */; };
		78C447CA1FB2DBFA00EE1428 /* AppDelegate.swift in Sources */ = {isa = PBXBuildFile; fileRef = 78C447C91FB2DBFA00EE1428 /* AppDelegate.swift */; };
		78C447CC1FB2DBFA00EE1428 /* ViewController.swift in Sources */ = {isa = PBXBuildFile; fileRef = 78C447CB1FB2DBFA00EE1428 /* ViewController.swift */; };
		78C447CF1FB2DBFA00EE1428 /* Main.storyboard in Resources */ = {isa = PBXBuildFile; fileRef = 78C447CD1FB2DBFA00EE1428 /* Main.storyboard */; };
		78C447D21FB2DBFA00EE1428 /* mycoredataD.xcdatamodeld in Sources */ = {isa = PBXBuildFile; fileRef = 78C447D01FB2DBFA00EE1428 /* mycoredataD.xcdatamodeld */; };
		78C447D41FB2DBFA00EE1428 /* Assets.xcassets in Resources */ = {isa = PBXBuildFile; fileRef = 78C447D31FB2DBFA00EE1428 /* Assets.xcassets */; };
		78C447D71FB2DBFA00EE1428 /* LaunchScreen.storyboard in Resources */ = {isa = PBXBuildFile; fileRef = 78C447D51FB2DBFA00EE1428 /* LaunchScreen.storyboard */; };
/* End PBXBuildFile section */

/* Begin PBXFileReference section */
		781EC8961FB2F04F000C68FC /* MyURLProtocol.swift */ = {isa = PBXFileReference; lastKnownFileType = sourcecode.swift; path = MyURLProtocol.swift; sourceTree = "<group>"; };
		78C447C61FB2DBFA00EE1428 /* mycoredataD.app */ = {isa = PBXFileReference; explicitFileType = wrapper.application; includeInIndex = 0; path = mycoredataD.app; sourceTree = BUILT_PRODUCTS_DIR; };
		78C447C91FB2DBFA00EE1428 /* AppDelegate.swift */ = {isa = PBXFileReference; lastKnownFileType = sourcecode.swift; path = AppDelegate.swift; sourceTree = "<group>"; };
		78C447CB1FB2DBFA00EE1428 /* ViewController.swift */ = {isa = PBXFileReference; lastKnownFileType = sourcecode.swift; path = ViewController.swift; sourceTree = "<group>"; };
		78C447CE1FB2DBFA00EE1428 /* Base */ = {isa = PBXFileReference; lastKnownFileType = file.storyboard; name = Base; path = Base.lproj/Main.storyboard; sourceTree = "<group>"; };
		78C447D11FB2DBFA00EE1428 /* mycoredataD.xcdatamodel */ = {isa = PBXFileReference; lastKnownFileType = wrapper.xcdatamodel; path = mycoredataD.xcdatamodel; sourceTree = "<group>"; };
		78C447D31FB2DBFA00EE1428 /* Assets.xcassets */ = {isa = PBXFileReference; lastKnownFileType = folder.assetcatalog; path = Assets.xcassets; sourceTree = "<group>"; };
		78C447D61FB2DBFA00EE1428 /* Base */ = {isa = PBXFileReference; lastKnownFileType = file.storyboard; name = Base; path = Base.lproj/LaunchScreen.storyboard; sourceTree = "<group>"; };
		78C447D81FB2DBFA00EE1428 /* Info.plist */ = {isa = PBXFileReference; lastKnownFileType = text.plist.xml; path = Info.plist; sourceTree = "<group>"; };
/* End PBXFileReference section */

/* Begin PBXFrameworksBuildPhase section */
		78C447C31FB2DBFA00EE1428 /* Frameworks */ = {
			isa = PBXFrameworksBuildPhase;
			buildActionMask = 2147483647;
			files = (
			);
			runOnlyForDeploymentPostprocessing = 0;
		};
/* End PBXFrameworksBuildPhase section */

/* Begin PBXGroup section */
		78C447BD1FB2DBFA00EE1428 = {
			isa = PBXGroup;
			children = (
				78C447C81FB2DBFA00EE1428 /* mycoredataD */,
				78C447C71FB2DBFA00EE1428 /* Products */,
			);
			sourceTree = "<group>";
		};
		78C447C71FB2DBFA00EE1428 /* Products */ = {
			isa = PBXGroup;
			children = (
				78C447C61FB2DBFA00EE1428 /* mycoredataD.app */,
			);
			name = Products;
			sourceTree = "<group>";
		};
		78C447C81FB2DBFA00EE1428 /* mycoredataD */ = {
			isa = PBXGroup;
			children = (
				78C447C91FB2DBFA00EE1428 /* AppDelegate.swift */,
				78C447CB1FB2DBFA00EE1428 /* ViewController.swift */,
				781EC8961FB2F04F000C68FC /* MyURLProtocol.swift */,
				78C447CD1FB2DBFA00EE1428 /* Main.storyboard */,
				78C447D31FB2DBFA00EE1428 /* Assets.xcassets */,
				78C447D51FB2DBFA00EE1428 /* LaunchScreen.storyboard */,
				78C447D81FB2DBFA00EE1428 /* Info.plist */,
				78C447D01FB2DBFA00EE1428 /* mycoredataD.xcdatamodeld */,
			);
			path = mycoredataD;
			sourceTree = "<group>";
		};
/* End PBXGroup section */

/* Begin PBXNativeTarget section */
		78C447C51FB2DBFA00EE1428 /* mycoredataD */ = {
			isa = PBXNativeTarget;
			buildConfigurationList = 78C447DB1FB2DBFA00EE1428 /* Build configuration list for PBXNativeTarget "mycoredataD" */;
			buildPhases = (
				78C447C21FB2DBFA00EE1428 /* Sources */,
				78C447C31FB2DBFA00EE1428 /* Frameworks */,
				78C447C41FB2DBFA00EE1428 /* Resources */,
			);
			buildRules = (
			);
			dependencies = (
			);
			name = mycoredataD;
			productName = mycoredataD;
			productReference = 78C447C61FB2DBFA00EE1428 /* mycoredataD.app */;
			productType = "com.apple.product-type.application";
		};
/* End PBXNativeTarget section */

/* Begin PBXProject section */
		78C447BE1FB2DBFA00EE1428 /* Project object */ = {
			isa = PBXProject;
			attributes = {
				LastSwiftUpdateCheck = 0910;
				LastUpgradeCheck = 0910;
				ORGANIZATIONNAME = idea;
				TargetAttributes = {
					78C447C51FB2DBFA00EE1428 = {
						CreatedOnToolsVersion = 9.1;
						ProvisioningStyle = Automatic;
					};
				};
			};
			buildConfigurationList = 78C447C11FB2DBFA00EE1428 /* Build configuration list for PBXProject "mycoredataD" */;
			compatibilityVersion = "Xcode 8.0";
			developmentRegion = en;
			hasScannedForEncodings = 0;
			knownRegions = (
				en,
				Base,
			);
			mainGroup = 78C447BD1FB2DBFA00EE1428;
			productRefGroup = 78C447C71FB2DBFA00EE1428 /* Products */;
			projectDirPath = "";
			projectRoot = "";
			targets = (
				78C447C51FB2DBFA00EE1428 /* mycoredataD */,
			);
		};
/* End PBXProject section */

/* Begin PBXResourcesBuildPhase section */
		78C447C41FB2DBFA00EE1428 /* Resources */ = {
			isa = PBXResourcesBuildPhase;
			buildActionMask = 2147483647;
			files = (
				78C447D71FB2DBFA00EE1428 /* LaunchScreen.storyboard in Resources */,
				78C447D41FB2DBFA00EE1428 /* Assets.xcassets in Resources */,
				78C447CF1FB2DBFA00EE1428 /* Main.storyboard in Resources */,
			);
			runOnlyForDeploymentPostprocessing = 0;
		};
/* End PBXResourcesBuildPhase section */

/* Begin PBXSourcesBuildPhase section */
		78C447C21FB2DBFA00EE1428 /* Sources */ = {
			isa = PBXSourcesBuildPhase;
			buildActionMask = 2147483647;
			files = (
				78C447D21FB2DBFA00EE1428 /* mycoredataD.xcdatamodeld in Sources */,
				781EC8971FB2F04F000C68FC /* MyURLProtocol.swift in Sources */,
				78C447CC1FB2DBFA00EE1428 /* ViewController.swift in Sources */,
				78C447CA1FB2DBFA00EE1428 /* AppDelegate.swift in Sources */,
			);
			runOnlyForDeploymentPostprocessing = 0;
		};
/* End PBXSourcesBuildPhase section */

/* Begin PBXVariantGroup section */
		78C447CD1FB2DBFA00EE1428 /* Main.storyboard */ = {
			isa = PBXVariantGroup;
			children = (
				78C447CE1FB2DBFA00EE1428 /* Base */,
			);
			name = Main.storyboard;
			sourceTree = "<group>";
		};
		78C447D51FB2DBFA00EE1428 /* LaunchScreen.storyboard */ = {
			isa = PBXVariantGroup;
			children = (
				78C447D61FB2DBFA00EE1428 /* Base */,
			);
			name = LaunchScreen.storyboard;
			sourceTree = "<group>";
		};
/* End PBXVariantGroup section */

/* Begin XCBuildConfiguration section */
		78C447D91FB2DBFA00EE1428 /* Debug */ = {
			isa = XCBuildConfiguration;
			buildSettings = {
				ALWAYS_SEARCH_USER_PATHS = NO;
				CLANG_ANALYZER_NONNULL = YES;
				CLANG_ANALYZER_NUMBER_OBJECT_CONVERSION = YES_AGGRESSIVE;
				CLANG_CXX_LANGUAGE_STANDARD = "gnu++14";
				CLANG_CXX_LIBRARY = "libc++";
				CLANG_ENABLE_MODULES = YES;
				CLANG_ENABLE_OBJC_ARC = YES;
				CLANG_WARN_BLOCK_CAPTURE_AUTORELEASING = YES;
				CLANG_WARN_BOOL_CONVERSION = YES;
				CLANG_WARN_COMMA = YES;
				CLANG_WARN_CONSTANT_CONVERSION = YES;
				CLANG_WARN_DIRECT_OBJC_ISA_USAGE = YES_ERROR;
				CLANG_WARN_DOCUMENTATION_COMMENTS = YES;
				CLANG_WARN_EMPTY_BODY = YES;
				CLANG_WARN_ENUM_CONVERSION = YES;
				CLANG_WARN_INFINITE_RECURSION = YES;
				CLANG_WARN_INT_CONVERSION = YES;
				CLANG_WARN_NON_LITERAL_NULL_CONVERSION = YES;
				CLANG_WARN_OBJC_LITERAL_CONVERSION = YES;
				CLANG_WARN_OBJC_ROOT_CLASS = YES_ERROR;
				CLANG_WARN_RANGE_LOOP_ANALYSIS = YES;
				CLANG_WARN_STRICT_PROTOTYPES = YES;
				CLANG_WARN_SUSPICIOUS_MOVE = YES;
				CLANG_WARN_UNGUARDED_AVAILABILITY = YES_AGGRESSIVE;
				CLANG_WARN_UNREACHABLE_CODE = YES;
				CLANG_WARN__DUPLICATE_METHOD_MATCH = YES;
				CODE_SIGN_IDENTITY = "iPhone Developer";
				COPY_PHASE_STRIP = NO;
				DEBUG_INFORMATION_FORMAT = dwarf;
				ENABLE_STRICT_OBJC_MSGSEND = YES;
				ENABLE_TESTABILITY = YES;
				GCC_C_LANGUAGE_STANDARD = gnu11;
				GCC_DYNAMIC_NO_PIC = NO;
				GCC_NO_COMMON_BLOCKS = YES;
				GCC_OPTIMIZATION_LEVEL = 0;
				GCC_PREPROCESSOR_DEFINITIONS = (
					"DEBUG=1",
					"$(inherited)",
				);
				GCC_WARN_64_TO_32_BIT_CONVERSION = YES;
				GCC_WARN_ABOUT_RETURN_TYPE = YES_ERROR;
				GCC_WARN_UNDECLARED_SELECTOR = YES;
				GCC_WARN_UNINITIALIZED_AUTOS = YES_AGGRESSIVE;
				GCC_WARN_UNUSED_FUNCTION = YES;
				GCC_WARN_UNUSED_VARIABLE = YES;
				IPHONEOS_DEPLOYMENT_TARGET = 11.1;
				MTL_ENABLE_DEBUG_INFO = YES;
				ONLY_ACTIVE_ARCH = YES;
				SDKROOT = iphoneos;
				SWIFT_ACTIVE_COMPILATION_CONDITIONS = DEBUG;
				SWIFT_OPTIMIZATION_LEVEL = "-Onone";
			};
			name = Debug;
		};
		78C447DA1FB2DBFA00EE1428 /* Release */ = {
			isa = XCBuildConfiguration;
			buildSettings = {
				ALWAYS_SEARCH_USER_PATHS = NO;
				CLANG_ANALYZER_NONNULL = YES;
				CLANG_ANALYZER_NUMBER_OBJECT_CONVERSION = YES_AGGRESSIVE;
				CLANG_CXX_LANGUAGE_STANDARD = "gnu++14";
				CLANG_CXX_LIBRARY = "libc++";
				CLANG_ENABLE_MODULES = YES;
				CLANG_ENABLE_OBJC_ARC = YES;
				CLANG_WARN_BLOCK_CAPTURE_AUTORELEASING = YES;
				CLANG_WARN_BOOL_CONVERSION = YES;
				CLANG_WARN_COMMA = YES;
				CLANG_WARN_CONSTANT_CONVERSION = YES;
				CLANG_WARN_DIRECT_OBJC_ISA_USAGE = YES_ERROR;
				CLANG_WARN_DOCUMENTATION_COMMENTS = YES;
				CLANG_WARN_EMPTY_BODY = YES;
				CLANG_WARN_ENUM_CONVERSION = YES;
				CLANG_WARN_INFINITE_RECURSION = YES;
				CLANG_WARN_INT_CONVERSION = YES;
				CLANG_WARN_NON_LITERAL_NULL_CONVERSION = YES;
				CLANG_WARN_OBJC_LITERAL_CONVERSION = YES;
				CLANG_WARN_OBJC_ROOT_CLASS = YES_ERROR;
				CLANG_WARN_RANGE_LOOP_ANALYSIS = YES;
				CLANG_WARN_STRICT_PROTOTYPES = YES;
				CLANG_WARN_SUSPICIOUS_MOVE = YES;
				CLANG_WARN_UNGUARDED_AVAILABILITY = YES_AGGRESSIVE;
				CLANG_WARN_UNREACHABLE_CODE = YES;
				CLANG_WARN__DUPLICATE_METHOD_MATCH = YES;
				CODE_SIGN_IDENTITY = "iPhone Developer";
				COPY_PHASE_STRIP = NO;
				DEBUG_INFORMATION_FORMAT = "dwarf-with-dsym";
				ENABLE_NS_ASSERTIONS = NO;
				ENABLE_STRICT_OBJC_MSGSEND = YES;
				GCC_C_LANGUAGE_STANDARD = gnu11;
				GCC_NO_COMMON_BLOCKS = YES;
				GCC_WARN_64_TO_32_BIT_CONVERSION = YES;
				GCC_WARN_ABOUT_RETURN_TYPE = YES_ERROR;
				GCC_WARN_UNDECLARED_SELECTOR = YES;
				GCC_WARN_UNINITIALIZED_AUTOS = YES_AGGRESSIVE;
				GCC_WARN_UNUSED_FUNCTION = YES;
				GCC_WARN_UNUSED_VARIABLE = YES;
				IPHONEOS_DEPLOYMENT_TARGET = 11.1;
				MTL_ENABLE_DEBUG_INFO = NO;
				SDKROOT = iphoneos;
				SWIFT_OPTIMIZATION_LEVEL = "-Owholemodule";
				VALIDATE_PRODUCT = YES;
			};
			name = Release;
		};
		78C447DC1FB2DBFA00EE1428 /* Debug */ = {
			isa = XCBuildConfiguration;
			buildSettings = {
				ASSETCATALOG_COMPILER_APPICON_NAME = AppIcon;
				CODE_SIGN_STYLE = Automatic;
				INFOPLIST_FILE = mycoredataD/Info.plist;
				IPHONEOS_DEPLOYMENT_TARGET = 11.1;
				LD_RUNPATH_SEARCH_PATHS = "$(inherited) @executable_path/Frameworks";
				PRODUCT_BUNDLE_IDENTIFIER = com.youlu.mycoredataD;
				PRODUCT_NAME = "$(TARGET_NAME)";
				SWIFT_VERSION = 4.0;
				TARGETED_DEVICE_FAMILY = "1,2";
			};
			name = Debug;
		};
		78C447DD1FB2DBFA00EE1428 /* Release */ = {
			isa = XCBuildConfiguration;
			buildSettings = {
				ASSETCATALOG_COMPILER_APPICON_NAME = AppIcon;
				CODE_SIGN_STYLE = Automatic;
				INFOPLIST_FILE = mycoredataD/Info.plist;
				IPHONEOS_DEPLOYMENT_TARGET = 11.1;
				LD_RUNPATH_SEARCH_PATHS = "$(inherited) @executable_path/Frameworks";
				PRODUCT_BUNDLE_IDENTIFIER = com.youlu.mycoredataD;
				PRODUCT_NAME = "$(TARGET_NAME)";
				SWIFT_VERSION = 4.0;
				TARGETED_DEVICE_FAMILY = "1,2";
			};
			name = Release;
		};
/* End XCBuildConfiguration section */

/* Begin XCConfigurationList section */
		78C447C11FB2DBFA00EE1428 /* Build configuration list for PBXProject "mycoredataD" */ = {
			isa = XCConfigurationList;
			buildConfigurations = (
				78C447D91FB2DBFA00EE1428 /* Debug */,
				78C447DA1FB2DBFA00EE1428 /* Release */,
			);
			defaultConfigurationIsVisible = 0;
			defaultConfigurationName = Release;
		};
		78C447DB1FB2DBFA00EE1428 /* Build configuration list for PBXNativeTarget "mycoredataD" */ = {
			isa = XCConfigurationList;
			buildConfigurations = (
				78C447DC1FB2DBFA00EE1428 /* Debug */,
				78C447DD1FB2DBFA00EE1428 /* Release */,
			);
			defaultConfigurationIsVisible = 0;
			defaultConfigurationName = Release;
		};
/* End XCConfigurationList section */

/* Begin XCVersionGroup section */
		78C447D01FB2DBFA00EE1428 /* mycoredataD.xcdatamodeld */ = {
			isa = XCVersionGroup;
			children = (
				78C447D11FB2DBFA00EE1428 /* mycoredataD.xcdatamodel */,
			);
			currentVersion = 78C447D11FB2DBFA00EE1428 /* mycoredataD.xcdatamodel */;
			path = mycoredataD.xcdatamodeld;
			sourceTree = "<group>";
			versionGroupType = wrapper.xcdatamodel;
		};
/* End XCVersionGroup section */
	};
	rootObject = 78C447BE1FB2DBFA00EE1428 /* Project object */;
}
